Microsoft Visual Studio Solution File, Format Version 8.00
Project("{8BC9CEB8-8B4A-11D0-8D11-00A0C91BC942}") = "listing_2", "listing_2.vcproj", "{1B513D72-4AF3-410F-A211-F7A05D54C888}"
	ProjectSection(ProjectDependencies) = postProject
	EndProjectSection
EndProject
Global
	GlobalSection(SolutionConfiguration) = preSolution
		Debug = Debug
		Release = Release
	EndGlobalSection
	GlobalSection(ProjectConfiguration) = postSolution
		{1B513D72-4AF3-410F-A211-F7A05D54C888}.Debug.ActiveCfg = Debug|Win32
		{1B513D72-4AF3-410F-A211-F7A05D54C888}.Debug.Build.0 = Debug|Win32
		{1B513D72-4AF3-410F-A211-F7A05D54C888}.Release.ActiveCfg = Release|Win32
		{1B513D72-4AF3-410F-A211-F7A05D54C888}.Release.Build.0 = Release|Win32
	EndGlobalSection
	GlobalSection(ExtensibilityGlobals) = postSolution
	EndGlobalSection
	GlobalSection(ExtensibilityAddIns) = postSolution
	EndGlobalSection
EndGlobal
