
Microsoft Visual Studio Solution File, Format Version 10.00
# Visual Studio 2008
Project("{8BC9CEB8-8B4A-11D0-8D11-00A0C91BC942}") = "Flib", "Flib\Flib.vcproj", "{672FD188-737F-4120-94F9-5FE809386A56}"
EndProject
Global
	GlobalSection(SolutionConfigurationPlatforms) = preSolution
		Debug|Win32 = Debug|Win32
		Release|Win32 = Release|Win32
	EndGlobalSection
	GlobalSection(ProjectConfigurationPlatforms) = postSolution
		{672FD188-737F-4120-94F9-5FE809386A56}.Debug|Win32.ActiveCfg = Debug|Win32
		{672FD188-737F-4120-94F9-5FE809386A56}.Debug|Win32.Build.0 = Debug|Win32
		{672FD188-737F-4120-94F9-5FE809386A56}.Release|Win32.ActiveCfg = Release|Win32
		{672FD188-737F-4120-94F9-5FE809386A56}.Release|Win32.Build.0 = Release|Win32
	EndGlobalSection
	GlobalSection(SolutionProperties) = preSolution
		HideSolutionNode = FALSE
	EndGlobalSection
EndGlobal
