Microsoft Visual Studio Solution File, Format Version 8.00
Project("{8BC9CEB8-8B4A-11D0-8D11-00A0C91BC942}") = "listing_86", "listing_86.vcproj", "{67F5A581-05DA-4D91-98F0-5700B73ED396}"
	ProjectSection(ProjectDependencies) = postProject
	EndProjectSection
EndProject
Global
	GlobalSection(SolutionConfiguration) = preSolution
		Debug = Debug
		Release = Release
	EndGlobalSection
	GlobalSection(ProjectConfiguration) = postSolution
		{67F5A581-05DA-4D91-98F0-5700B73ED396}.Debug.ActiveCfg = Debug|Win32
		{67F5A581-05DA-4D91-98F0-5700B73ED396}.Debug.Build.0 = Debug|Win32
		{67F5A581-05DA-4D91-98F0-5700B73ED396}.Release.ActiveCfg = Release|Win32
		{67F5A581-05DA-4D91-98F0-5700B73ED396}.Release.Build.0 = Release|Win32
	EndGlobalSection
	GlobalSection(ExtensibilityGlobals) = postSolution
	EndGlobalSection
	GlobalSection(ExtensibilityAddIns) = postSolution
	EndGlobalSection
EndGlobal
