Microsoft Visual Studio Solution File, Format Version 8.00
Project("{8BC9CEB8-8B4A-11D0-8D11-00A0C91BC942}") = "listing_77", "listing_77.vcproj", "{8A36C77F-6A81-4386-845D-20501CA5CF3D}"
	ProjectSection(ProjectDependencies) = postProject
	EndProjectSection
EndProject
Global
	GlobalSection(SolutionConfiguration) = preSolution
		Debug = Debug
		Release = Release
	EndGlobalSection
	GlobalSection(ProjectConfiguration) = postSolution
		{8A36C77F-6A81-4386-845D-20501CA5CF3D}.Debug.ActiveCfg = Debug|Win32
		{8A36C77F-6A81-4386-845D-20501CA5CF3D}.Debug.Build.0 = Debug|Win32
		{8A36C77F-6A81-4386-845D-20501CA5CF3D}.Release.ActiveCfg = Release|Win32
		{8A36C77F-6A81-4386-845D-20501CA5CF3D}.Release.Build.0 = Release|Win32
	EndGlobalSection
	GlobalSection(ExtensibilityGlobals) = postSolution
	EndGlobalSection
	GlobalSection(ExtensibilityAddIns) = postSolution
	EndGlobalSection
EndGlobal
