Microsoft Visual Studio Solution File, Format Version 8.00
Project("{8BC9CEB8-8B4A-11D0-8D11-00A0C91BC942}") = "listing_9", "listing_9.vcproj", "{9F556B51-2EC8-4D2F-9961-6FA6F438524D}"
	ProjectSection(ProjectDependencies) = postProject
	EndProjectSection
EndProject
Global
	GlobalSection(SolutionConfiguration) = preSolution
		Debug = Debug
		Release = Release
	EndGlobalSection
	GlobalSection(ProjectConfiguration) = postSolution
		{9F556B51-2EC8-4D2F-9961-6FA6F438524D}.Debug.ActiveCfg = Debug|Win32
		{9F556B51-2EC8-4D2F-9961-6FA6F438524D}.Debug.Build.0 = Debug|Win32
		{9F556B51-2EC8-4D2F-9961-6FA6F438524D}.Release.ActiveCfg = Release|Win32
		{9F556B51-2EC8-4D2F-9961-6FA6F438524D}.Release.Build.0 = Release|Win32
	EndGlobalSection
	GlobalSection(ExtensibilityGlobals) = postSolution
	EndGlobalSection
	GlobalSection(ExtensibilityAddIns) = postSolution
	EndGlobalSection
EndGlobal
