Microsoft Visual Studio Solution File, Format Version 8.00
Project("{8BC9CEB8-8B4A-11D0-8D11-00A0C91BC942}") = "listing_55", "listing_55.vcproj", "{9F86B2BB-5EB1-4E01-B907-3B8A084F42AB}"
	ProjectSection(ProjectDependencies) = postProject
	EndProjectSection
EndProject
Global
	GlobalSection(SolutionConfiguration) = preSolution
		Debug = Debug
		Release = Release
	EndGlobalSection
	GlobalSection(ProjectConfiguration) = postSolution
		{9F86B2BB-5EB1-4E01-B907-3B8A084F42AB}.Debug.ActiveCfg = Debug|Win32
		{9F86B2BB-5EB1-4E01-B907-3B8A084F42AB}.Debug.Build.0 = Debug|Win32
		{9F86B2BB-5EB1-4E01-B907-3B8A084F42AB}.Release.ActiveCfg = Release|Win32
		{9F86B2BB-5EB1-4E01-B907-3B8A084F42AB}.Release.Build.0 = Release|Win32
	EndGlobalSection
	GlobalSection(ExtensibilityGlobals) = postSolution
	EndGlobalSection
	GlobalSection(ExtensibilityAddIns) = postSolution
	EndGlobalSection
EndGlobal
