Microsoft Visual Studio Solution File, Format Version 8.00
Project("{8BC9CEB8-8B4A-11D0-8D11-00A0C91BC942}") = "listing_50", "listing_50.vcproj", "{2AB32ED9-6E71-47C3-82F5-AB6C59BC1677}"
	ProjectSection(ProjectDependencies) = postProject
	EndProjectSection
EndProject
Global
	GlobalSection(SolutionConfiguration) = preSolution
		Debug = Debug
		Release = Release
	EndGlobalSection
	GlobalSection(ProjectConfiguration) = postSolution
		{2AB32ED9-6E71-47C3-82F5-AB6C59BC1677}.Debug.ActiveCfg = Debug|Win32
		{2AB32ED9-6E71-47C3-82F5-AB6C59BC1677}.Debug.Build.0 = Debug|Win32
		{2AB32ED9-6E71-47C3-82F5-AB6C59BC1677}.Release.ActiveCfg = Release|Win32
		{2AB32ED9-6E71-47C3-82F5-AB6C59BC1677}.Release.Build.0 = Release|Win32
	EndGlobalSection
	GlobalSection(ExtensibilityGlobals) = postSolution
	EndGlobalSection
	GlobalSection(ExtensibilityAddIns) = postSolution
	EndGlobalSection
EndGlobal
