Microsoft Visual Studio Solution File, Format Version 8.00
Project("{8BC9CEB8-8B4A-11D0-8D11-00A0C91BC942}") = "pe1", "pe1.vcproj", "{4BC21A30-5EFF-494C-97BB-8E77DE58F489}"
	ProjectSection(ProjectDependencies) = postProject
	EndProjectSection
EndProject
Global
	GlobalSection(SolutionConfiguration) = preSolution
		Debug = Debug
		Release = Release
	EndGlobalSection
	GlobalSection(ProjectConfiguration) = postSolution
		{4BC21A30-5EFF-494C-97BB-8E77DE58F489}.Debug.ActiveCfg = Debug|Win32
		{4BC21A30-5EFF-494C-97BB-8E77DE58F489}.Debug.Build.0 = Debug|Win32
		{4BC21A30-5EFF-494C-97BB-8E77DE58F489}.Release.ActiveCfg = Release|Win32
		{4BC21A30-5EFF-494C-97BB-8E77DE58F489}.Release.Build.0 = Release|Win32
	EndGlobalSection
	GlobalSection(ExtensibilityGlobals) = postSolution
	EndGlobalSection
	GlobalSection(ExtensibilityAddIns) = postSolution
	EndGlobalSection
EndGlobal
