Microsoft Visual Studio Solution File, Format Version 8.00
Project("{8BC9CEB8-8B4A-11D0-8D11-00A0C91BC942}") = "listing_88", "listing_88.vcproj", "{4F7B72A0-465F-423C-A4F4-95B3FC1FEE7F}"
	ProjectSection(ProjectDependencies) = postProject
	EndProjectSection
EndProject
Global
	GlobalSection(SolutionConfiguration) = preSolution
		Debug = Debug
		Release = Release
	EndGlobalSection
	GlobalSection(ProjectConfiguration) = postSolution
		{4F7B72A0-465F-423C-A4F4-95B3FC1FEE7F}.Debug.ActiveCfg = Debug|Win32
		{4F7B72A0-465F-423C-A4F4-95B3FC1FEE7F}.Debug.Build.0 = Debug|Win32
		{4F7B72A0-465F-423C-A4F4-95B3FC1FEE7F}.Release.ActiveCfg = Release|Win32
		{4F7B72A0-465F-423C-A4F4-95B3FC1FEE7F}.Release.Build.0 = Release|Win32
	EndGlobalSection
	GlobalSection(ExtensibilityGlobals) = postSolution
	EndGlobalSection
	GlobalSection(ExtensibilityAddIns) = postSolution
	EndGlobalSection
EndGlobal
