Microsoft Visual Studio Solution File, Format Version 8.00
Project("{8BC9CEB8-8B4A-11D0-8D11-00A0C91BC942}") = "listing_75", "listing_75.vcproj", "{D238DD4C-EE1D-4F01-BE1C-94F9FF841D2B}"
	ProjectSection(ProjectDependencies) = postProject
	EndProjectSection
EndProject
Global
	GlobalSection(SolutionConfiguration) = preSolution
		Debug = Debug
		Release = Release
	EndGlobalSection
	GlobalSection(ProjectConfiguration) = postSolution
		{D238DD4C-EE1D-4F01-BE1C-94F9FF841D2B}.Debug.ActiveCfg = Debug|Win32
		{D238DD4C-EE1D-4F01-BE1C-94F9FF841D2B}.Debug.Build.0 = Debug|Win32
		{D238DD4C-EE1D-4F01-BE1C-94F9FF841D2B}.Release.ActiveCfg = Release|Win32
		{D238DD4C-EE1D-4F01-BE1C-94F9FF841D2B}.Release.Build.0 = Release|Win32
	EndGlobalSection
	GlobalSection(ExtensibilityGlobals) = postSolution
	EndGlobalSection
	GlobalSection(ExtensibilityAddIns) = postSolution
	EndGlobalSection
EndGlobal
