Microsoft Visual Studio Solution File, Format Version 8.00
Project("{8BC9CEB8-8B4A-11D0-8D11-00A0C91BC942}") = "listing_33", "listing_33.vcproj", "{57199C52-D157-49F8-9134-D0620C26DC0B}"
	ProjectSection(ProjectDependencies) = postProject
	EndProjectSection
EndProject
Global
	GlobalSection(SolutionConfiguration) = preSolution
		Debug = Debug
		Release = Release
	EndGlobalSection
	GlobalSection(ProjectConfiguration) = postSolution
		{57199C52-D157-49F8-9134-D0620C26DC0B}.Debug.ActiveCfg = Debug|Win32
		{57199C52-D157-49F8-9134-D0620C26DC0B}.Debug.Build.0 = Debug|Win32
		{57199C52-D157-49F8-9134-D0620C26DC0B}.Release.ActiveCfg = Release|Win32
		{57199C52-D157-49F8-9134-D0620C26DC0B}.Release.Build.0 = Release|Win32
	EndGlobalSection
	GlobalSection(ExtensibilityGlobals) = postSolution
	EndGlobalSection
	GlobalSection(ExtensibilityAddIns) = postSolution
	EndGlobalSection
EndGlobal
